
Microsoft Visual Studio Solution File, Format Version 12.00
# Visual Studio Version 16
VisualStudioVersion = 16.0.31729.503
MinimumVisualStudioVersion = 10.0.40219.1
Project("{2150E333-8FDC-42A3-9474-1A3956D46DE8}") = "Services", "Services", "{752F8470-04C9-4A65-AD20-34E88DB79C6C}"
EndProject
Project("{2150E333-8FDC-42A3-9474-1A3956D46DE8}") = "Catalog", "Catalog", "{811B9076-F87A-4424-AE80-7AAF02D55882}"
EndProject
Project("{9A19103F-16F7-4668-BE54-9A1E7A4F7556}") = "Course.Services.Catalog", "Services\Catalog\Course.Services.Catalog\Course.Services.Catalog.csproj", "{C891D988-BABF-4CEA-84EB-A340ECFE3822}"
EndProject
Project("{2150E333-8FDC-42A3-9474-1A3956D46DE8}") = "Solutions Items", "Solutions Items", "{E29CAE70-F5C7-4713-8B4C-6FF22D85D661}"
	ProjectSection(SolutionItems) = preProject
		Port.txt = Port.txt
	EndProjectSection
EndProject
Project("{2150E333-8FDC-42A3-9474-1A3956D46DE8}") = "Shared", "Shared", "{525AD685-01FC-4AB5-A7F9-DF4A4A6B1AB0}"
EndProject
Project("{9A19103F-16F7-4668-BE54-9A1E7A4F7556}") = "Course.Shared", "Shared\Course.Shared\Course.Shared.csproj", "{73EFC645-B4B7-4F6E-821C-0A5578EFD68F}"
EndProject
Project("{2150E333-8FDC-42A3-9474-1A3956D46DE8}") = "IdentityServer", "IdentityServer", "{9A520789-BF90-40F9-BB06-F502B3C46F5E}"
EndProject
Project("{9A19103F-16F7-4668-BE54-9A1E7A4F7556}") = "Course.IdentityServer", "IdentityServer\Course.IdentityServer\Course.IdentityServer.csproj", "{8E8A872C-3FF2-4768-B9BD-222BD6E6599D}"
EndProject
Project("{2150E333-8FDC-42A3-9474-1A3956D46DE8}") = "PhotoStock", "PhotoStock", "{705D8407-15FB-4437-9F2E-487708076ED1}"
EndProject
Project("{9A19103F-16F7-4668-BE54-9A1E7A4F7556}") = "Course.Services.PhotoStock", "Services\PhotoStock\Course.Services.PhotoStock\Course.Services.PhotoStock.csproj", "{6E9A03F1-78BA-4EC3-89E3-AEC09BF2F033}"
EndProject
Project("{2150E333-8FDC-42A3-9474-1A3956D46DE8}") = "Basket", "Basket", "{4E86DA60-086F-4566-B7E9-587F2407CBAD}"
EndProject
Project("{9A19103F-16F7-4668-BE54-9A1E7A4F7556}") = "Course.Services.Basket", "Services\Basket\Course.Services.Basket\Course.Services.Basket.csproj", "{1F16505B-EF45-48BE-90AF-DCE94F21D3F5}"
EndProject
Project("{2150E333-8FDC-42A3-9474-1A3956D46DE8}") = "Discount", "Discount", "{DE81DF51-AA7C-41FB-A40D-DE5AE92E1038}"
EndProject
Project("{9A19103F-16F7-4668-BE54-9A1E7A4F7556}") = "Course.Services.Discount", "Services\Discount\Course.Services.Discount\Course.Services.Discount.csproj", "{0AF8DCC8-CC8A-4A17-BD91-4E307CCBFA5A}"
EndProject
Project("{2150E333-8FDC-42A3-9474-1A3956D46DE8}") = "Order", "Order", "{A2EAA605-04ED-4FBF-80EF-73665614662D}"
EndProject
Project("{9A19103F-16F7-4668-BE54-9A1E7A4F7556}") = "Course.Services.Order.API", "Services\Order\Course.Services.Order.API\Course.Services.Order.API.csproj", "{7DBEA2FC-BEE9-46F8-A815-7B1653AF317B}"
EndProject
Project("{9A19103F-16F7-4668-BE54-9A1E7A4F7556}") = "Course.Services.Order.Application", "Services\Order\Course.Services.Order.Application\Course.Services.Order.Application.csproj", "{1402EB58-326B-4252-BDAD-F8F27A79A369}"
EndProject
Project("{9A19103F-16F7-4668-BE54-9A1E7A4F7556}") = "Course.Services.Order.Domain", "Services\Order\Course.Services.Order.Domain\Course.Services.Order.Domain.csproj", "{4A8FF2B6-2EE3-4FFC-9225-2723E1ACB9B7}"
EndProject
Project("{9A19103F-16F7-4668-BE54-9A1E7A4F7556}") = "Course.Services.Order.Domain.Core", "Services\Order\Course.Services.Order.Domain.Core\Course.Services.Order.Domain.Core.csproj", "{5A3D259F-11EA-4DDB-9016-3F45F3979E04}"
EndProject
Project("{9A19103F-16F7-4668-BE54-9A1E7A4F7556}") = "Course.Services.Order.Infrastructure", "Services\Order\Course.Services.Order.Infrastructure\Course.Services.Order.Infrastructure.csproj", "{BAD14656-CF05-466F-9898-5598A461DE64}"
EndProject
Project("{2150E333-8FDC-42A3-9474-1A3956D46DE8}") = "FakePayment", "FakePayment", "{2B42CAA2-3350-45FA-A34E-3480F88B31E2}"
EndProject
Project("{9A19103F-16F7-4668-BE54-9A1E7A4F7556}") = "Course.Services.FakePayment", "Services\FakePayment\Course.Services.FakePayment\Course.Services.FakePayment.csproj", "{2D2FA9D9-5E4C-4812-BBCB-12219D7AF108}"
EndProject
Project("{2150E333-8FDC-42A3-9474-1A3956D46DE8}") = "Gateways", "Gateways", "{AF475384-2F8F-426F-BC42-F1B41CAA0B0B}"
EndProject
Project("{9A19103F-16F7-4668-BE54-9A1E7A4F7556}") = "Course.Gateway", "Gateways\Course.Gateway\Course.Gateway.csproj", "{001BFEFC-40B8-439D-B582-107FDD786FFD}"
EndProject
Project("{2150E333-8FDC-42A3-9474-1A3956D46DE8}") = "Client", "Client", "{4C38B0AD-548A-4C53-8493-7D7885B67393}"
EndProject
Project("{FAE04EC0-301F-11D3-BF4B-00C04F79EFBC}") = "Course.Web", "Client\Course.Web\Course.Web.csproj", "{33FF17BF-FB52-40F5-8A11-E894AFCDF6DF}"
EndProject
Global
	GlobalSection(SolutionConfigurationPlatforms) = preSolution
		Debug|Any CPU = Debug|Any CPU
		Release|Any CPU = Release|Any CPU
	EndGlobalSection
	GlobalSection(ProjectConfigurationPlatforms) = postSolution
		{C891D988-BABF-4CEA-84EB-A340ECFE3822}.Debug|Any CPU.ActiveCfg = Debug|Any CPU
		{C891D988-BABF-4CEA-84EB-A340ECFE3822}.Debug|Any CPU.Build.0 = Debug|Any CPU
		{C891D988-BABF-4CEA-84EB-A340ECFE3822}.Release|Any CPU.ActiveCfg = Release|Any CPU
		{C891D988-BABF-4CEA-84EB-A340ECFE3822}.Release|Any CPU.Build.0 = Release|Any CPU
		{73EFC645-B4B7-4F6E-821C-0A5578EFD68F}.Debug|Any CPU.ActiveCfg = Debug|Any CPU
		{73EFC645-B4B7-4F6E-821C-0A5578EFD68F}.Debug|Any CPU.Build.0 = Debug|Any CPU
		{73EFC645-B4B7-4F6E-821C-0A5578EFD68F}.Release|Any CPU.ActiveCfg = Release|Any CPU
		{73EFC645-B4B7-4F6E-821C-0A5578EFD68F}.Release|Any CPU.Build.0 = Release|Any CPU
		{8E8A872C-3FF2-4768-B9BD-222BD6E6599D}.Debug|Any CPU.ActiveCfg = Debug|Any CPU
		{8E8A872C-3FF2-4768-B9BD-222BD6E6599D}.Debug|Any CPU.Build.0 = Debug|Any CPU
		{8E8A872C-3FF2-4768-B9BD-222BD6E6599D}.Release|Any CPU.ActiveCfg = Release|Any CPU
		{8E8A872C-3FF2-4768-B9BD-222BD6E6599D}.Release|Any CPU.Build.0 = Release|Any CPU
		{6E9A03F1-78BA-4EC3-89E3-AEC09BF2F033}.Debug|Any CPU.ActiveCfg = Debug|Any CPU
		{6E9A03F1-78BA-4EC3-89E3-AEC09BF2F033}.Debug|Any CPU.Build.0 = Debug|Any CPU
		{6E9A03F1-78BA-4EC3-89E3-AEC09BF2F033}.Release|Any CPU.ActiveCfg = Release|Any CPU
		{6E9A03F1-78BA-4EC3-89E3-AEC09BF2F033}.Release|Any CPU.Build.0 = Release|Any CPU
		{1F16505B-EF45-48BE-90AF-DCE94F21D3F5}.Debug|Any CPU.ActiveCfg = Debug|Any CPU
		{1F16505B-EF45-48BE-90AF-DCE94F21D3F5}.Debug|Any CPU.Build.0 = Debug|Any CPU
		{1F16505B-EF45-48BE-90AF-DCE94F21D3F5}.Release|Any CPU.ActiveCfg = Release|Any CPU
		{1F16505B-EF45-48BE-90AF-DCE94F21D3F5}.Release|Any CPU.Build.0 = Release|Any CPU
		{0AF8DCC8-CC8A-4A17-BD91-4E307CCBFA5A}.Debug|Any CPU.ActiveCfg = Debug|Any CPU
		{0AF8DCC8-CC8A-4A17-BD91-4E307CCBFA5A}.Debug|Any CPU.Build.0 = Debug|Any CPU
		{0AF8DCC8-CC8A-4A17-BD91-4E307CCBFA5A}.Release|Any CPU.ActiveCfg = Release|Any CPU
		{0AF8DCC8-CC8A-4A17-BD91-4E307CCBFA5A}.Release|Any CPU.Build.0 = Release|Any CPU
		{7DBEA2FC-BEE9-46F8-A815-7B1653AF317B}.Debug|Any CPU.ActiveCfg = Debug|Any CPU
		{7DBEA2FC-BEE9-46F8-A815-7B1653AF317B}.Debug|Any CPU.Build.0 = Debug|Any CPU
		{7DBEA2FC-BEE9-46F8-A815-7B1653AF317B}.Release|Any CPU.ActiveCfg = Release|Any CPU
		{7DBEA2FC-BEE9-46F8-A815-7B1653AF317B}.Release|Any CPU.Build.0 = Release|Any CPU
		{1402EB58-326B-4252-BDAD-F8F27A79A369}.Debug|Any CPU.ActiveCfg = Debug|Any CPU
		{1402EB58-326B-4252-BDAD-F8F27A79A369}.Debug|Any CPU.Build.0 = Debug|Any CPU
		{1402EB58-326B-4252-BDAD-F8F27A79A369}.Release|Any CPU.ActiveCfg = Release|Any CPU
		{1402EB58-326B-4252-BDAD-F8F27A79A369}.Release|Any CPU.Build.0 = Release|Any CPU
		{4A8FF2B6-2EE3-4FFC-9225-2723E1ACB9B7}.Debug|Any CPU.ActiveCfg = Debug|Any CPU
		{4A8FF2B6-2EE3-4FFC-9225-2723E1ACB9B7}.Debug|Any CPU.Build.0 = Debug|Any CPU
		{4A8FF2B6-2EE3-4FFC-9225-2723E1ACB9B7}.Release|Any CPU.ActiveCfg = Release|Any CPU
		{4A8FF2B6-2EE3-4FFC-9225-2723E1ACB9B7}.Release|Any CPU.Build.0 = Release|Any CPU
		{5A3D259F-11EA-4DDB-9016-3F45F3979E04}.Debug|Any CPU.ActiveCfg = Debug|Any CPU
		{5A3D259F-11EA-4DDB-9016-3F45F3979E04}.Debug|Any CPU.Build.0 = Debug|Any CPU
		{5A3D259F-11EA-4DDB-9016-3F45F3979E04}.Release|Any CPU.ActiveCfg = Release|Any CPU
		{5A3D259F-11EA-4DDB-9016-3F45F3979E04}.Release|Any CPU.Build.0 = Release|Any CPU
		{BAD14656-CF05-466F-9898-5598A461DE64}.Debug|Any CPU.ActiveCfg = Debug|Any CPU
		{BAD14656-CF05-466F-9898-5598A461DE64}.Debug|Any CPU.Build.0 = Debug|Any CPU
		{BAD14656-CF05-466F-9898-5598A461DE64}.Release|Any CPU.ActiveCfg = Release|Any CPU
		{BAD14656-CF05-466F-9898-5598A461DE64}.Release|Any CPU.Build.0 = Release|Any CPU
		{2D2FA9D9-5E4C-4812-BBCB-12219D7AF108}.Debug|Any CPU.ActiveCfg = Debug|Any CPU
		{2D2FA9D9-5E4C-4812-BBCB-12219D7AF108}.Debug|Any CPU.Build.0 = Debug|Any CPU
		{2D2FA9D9-5E4C-4812-BBCB-12219D7AF108}.Release|Any CPU.ActiveCfg = Release|Any CPU
		{2D2FA9D9-5E4C-4812-BBCB-12219D7AF108}.Release|Any CPU.Build.0 = Release|Any CPU
		{001BFEFC-40B8-439D-B582-107FDD786FFD}.Debug|Any CPU.ActiveCfg = Debug|Any CPU
		{001BFEFC-40B8-439D-B582-107FDD786FFD}.Debug|Any CPU.Build.0 = Debug|Any CPU
		{001BFEFC-40B8-439D-B582-107FDD786FFD}.Release|Any CPU.ActiveCfg = Release|Any CPU
		{001BFEFC-40B8-439D-B582-107FDD786FFD}.Release|Any CPU.Build.0 = Release|Any CPU
		{33FF17BF-FB52-40F5-8A11-E894AFCDF6DF}.Debug|Any CPU.ActiveCfg = Debug|Any CPU
		{33FF17BF-FB52-40F5-8A11-E894AFCDF6DF}.Debug|Any CPU.Build.0 = Debug|Any CPU
		{33FF17BF-FB52-40F5-8A11-E894AFCDF6DF}.Release|Any CPU.ActiveCfg = Release|Any CPU
		{33FF17BF-FB52-40F5-8A11-E894AFCDF6DF}.Release|Any CPU.Build.0 = Release|Any CPU
	EndGlobalSection
	GlobalSection(SolutionProperties) = preSolution
		HideSolutionNode = FALSE
	EndGlobalSection
	GlobalSection(NestedProjects) = preSolution
		{811B9076-F87A-4424-AE80-7AAF02D55882} = {752F8470-04C9-4A65-AD20-34E88DB79C6C}
		{C891D988-BABF-4CEA-84EB-A340ECFE3822} = {811B9076-F87A-4424-AE80-7AAF02D55882}
		{73EFC645-B4B7-4F6E-821C-0A5578EFD68F} = {525AD685-01FC-4AB5-A7F9-DF4A4A6B1AB0}
		{8E8A872C-3FF2-4768-B9BD-222BD6E6599D} = {9A520789-BF90-40F9-BB06-F502B3C46F5E}
		{705D8407-15FB-4437-9F2E-487708076ED1} = {752F8470-04C9-4A65-AD20-34E88DB79C6C}
		{6E9A03F1-78BA-4EC3-89E3-AEC09BF2F033} = {705D8407-15FB-4437-9F2E-487708076ED1}
		{4E86DA60-086F-4566-B7E9-587F2407CBAD} = {752F8470-04C9-4A65-AD20-34E88DB79C6C}
		{1F16505B-EF45-48BE-90AF-DCE94F21D3F5} = {4E86DA60-086F-4566-B7E9-587F2407CBAD}
		{DE81DF51-AA7C-41FB-A40D-DE5AE92E1038} = {752F8470-04C9-4A65-AD20-34E88DB79C6C}
		{0AF8DCC8-CC8A-4A17-BD91-4E307CCBFA5A} = {DE81DF51-AA7C-41FB-A40D-DE5AE92E1038}
		{A2EAA605-04ED-4FBF-80EF-73665614662D} = {752F8470-04C9-4A65-AD20-34E88DB79C6C}
		{7DBEA2FC-BEE9-46F8-A815-7B1653AF317B} = {A2EAA605-04ED-4FBF-80EF-73665614662D}
		{1402EB58-326B-4252-BDAD-F8F27A79A369} = {A2EAA605-04ED-4FBF-80EF-73665614662D}
		{4A8FF2B6-2EE3-4FFC-9225-2723E1ACB9B7} = {A2EAA605-04ED-4FBF-80EF-73665614662D}
		{5A3D259F-11EA-4DDB-9016-3F45F3979E04} = {A2EAA605-04ED-4FBF-80EF-73665614662D}
		{BAD14656-CF05-466F-9898-5598A461DE64} = {A2EAA605-04ED-4FBF-80EF-73665614662D}
		{2B42CAA2-3350-45FA-A34E-3480F88B31E2} = {752F8470-04C9-4A65-AD20-34E88DB79C6C}
		{2D2FA9D9-5E4C-4812-BBCB-12219D7AF108} = {2B42CAA2-3350-45FA-A34E-3480F88B31E2}
		{001BFEFC-40B8-439D-B582-107FDD786FFD} = {AF475384-2F8F-426F-BC42-F1B41CAA0B0B}
		{33FF17BF-FB52-40F5-8A11-E894AFCDF6DF} = {4C38B0AD-548A-4C53-8493-7D7885B67393}
	EndGlobalSection
	GlobalSection(ExtensibilityGlobals) = postSolution
		SolutionGuid = {90CAE8CD-B0E1-43B9-88A7-6B08DE1BE504}
	EndGlobalSection
EndGlobal
